
Microsoft Visual Studio Solution File, Format Version 12.00
# Visual Studio Version 17
VisualStudioVersion = 17.4.33205.214
MinimumVisualStudioVersion = 10.0.40219.1
Project("{FAE04EC0-301F-11D3-BF4B-00C04F79EFBC}") = "deleteAllFile", "deleteAllFile.csproj", "{AF41DBDE-DE2B-4041-9EB9-9D33480626DD}"
EndProject
Global
	GlobalSection(SolutionConfigurationPlatforms) = preSolution
		Debug|Any CPU = Debug|Any CPU
		Release|Any CPU = Release|Any CPU
	EndGlobalSection
	GlobalSection(ProjectConfigurationPlatforms) = postSolution
		{AF41DBDE-DE2B-4041-9EB9-9D33480626DD}.Debug|Any CPU.ActiveCfg = Debug|Any CPU
		{AF41DBDE-DE2B-4041-9EB9-9D33480626DD}.Debug|Any CPU.Build.0 = Debug|Any CPU
		{AF41DBDE-DE2B-4041-9EB9-9D33480626DD}.Release|Any CPU.ActiveCfg = Release|Any CPU
		{AF41DBDE-DE2B-4041-9EB9-9D33480626DD}.Release|Any CPU.Build.0 = Release|Any CPU
	EndGlobalSection
	GlobalSection(SolutionProperties) = preSolution
		HideSolutionNode = FALSE
	EndGlobalSection
	GlobalSection(ExtensibilityGlobals) = postSolution
		SolutionGuid = {BEEEA224-14C9-4745-9CE5-796A61B64C58}
	EndGlobalSection
EndGlobal
